// !$*UTF8*$!
{
	archiveVersion = 1;
	classes = {
	};
	objectVersion = 56;
	objects = {

/* Begin PBXBuildFile section */
		6D9EC48D2B1FE48B00E177DD /* IQSEC_GeoExplorerApp.swift in Sources */ = {isa = PBXBuildFile; fileRef = 6D9EC48C2B1FE48B00E177DD /* IQSEC_GeoExplorerApp.swift */; };
		6D9EC48F2B1FE48B00E177DD /* ContentView.swift in Sources */ = {isa = PBXBuildFile; fileRef = 6D9EC48E2B1FE48B00E177DD /* ContentView.swift */; };
		6D9EC4912B1FE48E00E177DD /* Assets.xcassets in Resources */ = {isa = PBXBuildFile; fileRef = 6D9EC4902B1FE48E00E177DD /* Assets.xcassets */; };
		6D9EC4942B1FE48E00E177DD /* Preview Assets.xcassets in Resources */ = {isa = PBXBuildFile; fileRef = 6D9EC4932B1FE48E00E177DD /* Preview Assets.xcassets */; };
		6D9EC49E2B1FE48F00E177DD /* IQSEC_GeoExplorerTests.swift in Sources */ = {isa = PBXBuildFile; fileRef = 6D9EC49D2B1FE48F00E177DD /* IQSEC_GeoExplorerTests.swift */; };
		6D9EC4A82B1FE48F00E177DD /* IQSEC_GeoExplorerUITests.swift in Sources */ = {isa = PBXBuildFile; fileRef = 6D9EC4A72B1FE48F00E177DD /* IQSEC_GeoExplorerUITests.swift */; };
		6D9EC4AA2B1FE48F00E177DD /* IQSEC_GeoExplorerUITestsLaunchTests.swift in Sources */ = {isa = PBXBuildFile; fileRef = 6D9EC4A92B1FE48F00E177DD /* IQSEC_GeoExplorerUITestsLaunchTests.swift */; };
		6D9EC4BC2B1FE64F00E177DD /* Pais.swift in Sources */ = {isa = PBXBuildFile; fileRef = 6D9EC4BB2B1FE64F00E177DD /* Pais.swift */; };
		6D9EC4BE2B1FE66400E177DD /* Estado.swift in Sources */ = {isa = PBXBuildFile; fileRef = 6D9EC4BD2B1FE66400E177DD /* Estado.swift */; };
		6D9EC4C02B1FE85100E177DD /* ListaPaisesView.swift in Sources */ = {isa = PBXBuildFile; fileRef = 6D9EC4BF2B1FE85100E177DD /* ListaPaisesView.swift */; };
		6D9EC4C22B1FE86100E177DD /* DetallePaisView.swift in Sources */ = {isa = PBXBuildFile; fileRef = 6D9EC4C12B1FE86100E177DD /* DetallePaisView.swift */; };
		6D9EC4C42B1FE87300E177DD /* MapView.swift in Sources */ = {isa = PBXBuildFile; fileRef = 6D9EC4C32B1FE87300E177DD /* MapView.swift */; };
		6D9EC4C72B1FE90000E177DD /* PaisViewModel.swift in Sources */ = {isa = PBXBuildFile; fileRef = 6D9EC4C62B1FE8FF00E177DD /* PaisViewModel.swift */; };
		6D9EC4C92B1FE91D00E177DD /* EstadoViewModel.swift in Sources */ = {isa = PBXBuildFile; fileRef = 6D9EC4C82B1FE91D00E177DD /* EstadoViewModel.swift */; };
		6D9EC4CB2B1FE94A00E177DD /* SoapService.swift in Sources */ = {isa = PBXBuildFile; fileRef = 6D9EC4CA2B1FE94A00E177DD /* SoapService.swift */; };
		6D9EC4CD2B1FE97D00E177DD /* XMLParserService.swift in Sources */ = {isa = PBXBuildFile; fileRef = 6D9EC4CC2B1FE97D00E177DD /* XMLParserService.swift */; };
		6D9EC4CF2B1FE9A400E177DD /* NetworkManager.swift in Sources */ = {isa = PBXBuildFile; fileRef = 6D9EC4CE2B1FE9A400E177DD /* NetworkManager.swift */; };
		6D9EC4D12B1FE9D900E177DD /* AppDelegate.swift in Sources */ = {isa = PBXBuildFile; fileRef = 6D9EC4D02B1FE9D900E177DD /* AppDelegate.swift */; };
		6D9EC4D32B1FE9F200E177DD /* SceneDelegate.swift in Sources */ = {isa = PBXBuildFile; fileRef = 6D9EC4D22B1FE9F200E177DD /* SceneDelegate.swift */; };
		6D9EC4D62B1FED5600E177DD /* FirebaseAnalytics in Frameworks */ = {isa = PBXBuildFile; productRef = 6D9EC4D52B1FED5600E177DD /* FirebaseAnalytics */; };
		6D9EC4D82B1FED5600E177DD /* FirebaseCrashlytics in Frameworks */ = {isa = PBXBuildFile; productRef = 6D9EC4D72B1FED5600E177DD /* FirebaseCrashlytics */; };
		6D9EC4DA2B1FF97500E177DD /* GoogleService-Info.plist in Resources */ = {isa = PBXBuildFile; fileRef = 6D9EC4D92B1FF97500E177DD /* GoogleService-Info.plist */; };
/* End PBXBuildFile section */

/* Begin PBXContainerItemProxy section */
		6D9EC49A2B1FE48F00E177DD /* PBXContainerItemProxy */ = {
			isa = PBXContainerItemProxy;
			containerPortal = 6D9EC4812B1FE48B00E177DD /* Project object */;
			proxyType = 1;
			remoteGlobalIDString = 6D9EC4882B1FE48B00E177DD;
			remoteInfo = "IQSEC-GeoExplorer";
		};
		6D9EC4A42B1FE48F00E177DD /* PBXContainerItemProxy */ = {
			isa = PBXContainerItemProxy;
			containerPortal = 6D9EC4812B1FE48B00E177DD /* Project object */;
			proxyType = 1;
			remoteGlobalIDString = 6D9EC4882B1FE48B00E177DD;
			remoteInfo = "IQSEC-GeoExplorer";
		};
/* End PBXContainerItemProxy section */

/* Begin PBXFileReference section */
		6D9EC4892B1FE48B00E177DD /* IQSEC-GeoExplorer.app */ = {isa = PBXFileReference; explicitFileType = wrapper.application; includeInIndex = 0; path = "IQSEC-GeoExplorer.app"; sourceTree = BUILT_PRODUCTS_DIR; };
		6D9EC48C2B1FE48B00E177DD /* IQSEC_GeoExplorerApp.swift */ = {isa = PBXFileReference; lastKnownFileType = sourcecode.swift; path = IQSEC_GeoExplorerApp.swift; sourceTree = "<group>"; };
		6D9EC48E2B1FE48B00E177DD /* ContentView.swift */ = {isa = PBXFileReference; lastKnownFileType = sourcecode.swift; path = ContentView.swift; sourceTree = "<group>"; };
		6D9EC4902B1FE48E00E177DD /* Assets.xcassets */ = {isa = PBXFileReference; lastKnownFileType = folder.assetcatalog; path = Assets.xcassets; sourceTree = "<group>"; };
		6D9EC4932B1FE48E00E177DD /* Preview Assets.xcassets */ = {isa = PBXFileReference; lastKnownFileType = folder.assetcatalog; path = "Preview Assets.xcassets"; sourceTree = "<group>"; };
		6D9EC4992B1FE48F00E177DD /* IQSEC-GeoExplorerTests.xctest */ = {isa = PBXFileReference; explicitFileType = wrapper.cfbundle; includeInIndex = 0; path = "IQSEC-GeoExplorerTests.xctest"; sourceTree = BUILT_PRODUCTS_DIR; };
		6D9EC49D2B1FE48F00E177DD /* IQSEC_GeoExplorerTests.swift */ = {isa = PBXFileReference; lastKnownFileType = sourcecode.swift; path = IQSEC_GeoExplorerTests.swift; sourceTree = "<group>"; };
		6D9EC4A32B1FE48F00E177DD /* IQSEC-GeoExplorerUITests.xctest */ = {isa = PBXFileReference; explicitFileType = wrapper.cfbundle; includeInIndex = 0; path = "IQSEC-GeoExplorerUITests.xctest"; sourceTree = BUILT_PRODUCTS_DIR; };
		6D9EC4A72B1FE48F00E177DD /* IQSEC_GeoExplorerUITests.swift */ = {isa = PBXFileReference; lastKnownFileType = sourcecode.swift; path = IQSEC_GeoExplorerUITests.swift; sourceTree = "<group>"; };
		6D9EC4A92B1FE48F00E177DD /* IQSEC_GeoExplorerUITestsLaunchTests.swift */ = {isa = PBXFileReference; lastKnownFileType = sourcecode.swift; path = IQSEC_GeoExplorerUITestsLaunchTests.swift; sourceTree = "<group>"; };
		6D9EC4BB2B1FE64F00E177DD /* Pais.swift */ = {isa = PBXFileReference; lastKnownFileType = sourcecode.swift; path = Pais.swift; sourceTree = "<group>"; };
		6D9EC4BD2B1FE66400E177DD /* Estado.swift */ = {isa = PBXFileReference; lastKnownFileType = sourcecode.swift; path = Estado.swift; sourceTree = "<group>"; };
		6D9EC4BF2B1FE85100E177DD /* ListaPaisesView.swift */ = {isa = PBXFileReference; lastKnownFileType = sourcecode.swift; path = ListaPaisesView.swift; sourceTree = "<group>"; };
		6D9EC4C12B1FE86100E177DD /* DetallePaisView.swift */ = {isa = PBXFileReference; lastKnownFileType = sourcecode.swift; path = DetallePaisView.swift; sourceTree = "<group>"; };
		6D9EC4C32B1FE87300E177DD /* MapView.swift */ = {isa = PBXFileReference; lastKnownFileType = sourcecode.swift; path = MapView.swift; sourceTree = "<group>"; };
		6D9EC4C62B1FE8FF00E177DD /* PaisViewModel.swift */ = {isa = PBXFileReference; lastKnownFileType = sourcecode.swift; path = PaisViewModel.swift; sourceTree = "<group>"; };
		6D9EC4C82B1FE91D00E177DD /* EstadoViewModel.swift */ = {isa = PBXFileReference; lastKnownFileType = sourcecode.swift; path = EstadoViewModel.swift; sourceTree = "<group>"; };
		6D9EC4CA2B1FE94A00E177DD /* SoapService.swift */ = {isa = PBXFileReference; lastKnownFileType = sourcecode.swift; path = SoapService.swift; sourceTree = "<group>"; };
		6D9EC4CC2B1FE97D00E177DD /* XMLParserService.swift */ = {isa = PBXFileReference; lastKnownFileType = sourcecode.swift; path = XMLParserService.swift; sourceTree = "<group>"; };
		6D9EC4CE2B1FE9A400E177DD /* NetworkManager.swift */ = {isa = PBXFileReference; lastKnownFileType = sourcecode.swift; path = NetworkManager.swift; sourceTree = "<group>"; };
		6D9EC4D02B1FE9D900E177DD /* AppDelegate.swift */ = {isa = PBXFileReference; lastKnownFileType = sourcecode.swift; path = AppDelegate.swift; sourceTree = "<group>"; };
		6D9EC4D22B1FE9F200E177DD /* SceneDelegate.swift */ = {isa = PBXFileReference; lastKnownFileType = sourcecode.swift; path = SceneDelegate.swift; sourceTree = "<group>"; };
		6D9EC4D92B1FF97500E177DD /* GoogleService-Info.plist */ = {isa = PBXFileReference; fileEncoding = 4; lastKnownFileType = text.plist.xml; path = "GoogleService-Info.plist"; sourceTree = "<group>"; };
/* End PBXFileReference section */

/* Begin PBXFrameworksBuildPhase section */
		6D9EC4862B1FE48B00E177DD /* Frameworks */ = {
			isa = PBXFrameworksBuildPhase;
			buildActionMask = 2147483647;
			files = (
				6D9EC4D62B1FED5600E177DD /* FirebaseAnalytics in Frameworks */,
				6D9EC4D82B1FED5600E177DD /* FirebaseCrashlytics in Frameworks */,
			);
			runOnlyForDeploymentPostprocessing = 0;
		};
		6D9EC4962B1FE48F00E177DD /* Frameworks */ = {
			isa = PBXFrameworksBuildPhase;
			buildActionMask = 2147483647;
			files = (
			);
			runOnlyForDeploymentPostprocessing = 0;
		};
		6D9EC4A02B1FE48F00E177DD /* Frameworks */ = {
			isa = PBXFrameworksBuildPhase;
			buildActionMask = 2147483647;
			files = (
			);
			runOnlyForDeploymentPostprocessing = 0;
		};
/* End PBXFrameworksBuildPhase section */

/* Begin PBXGroup section */
		6D9EC4802B1FE48B00E177DD = {
			isa = PBXGroup;
			children = (
				6D9EC48B2B1FE48B00E177DD /* IQSEC-GeoExplorer */,
				6D9EC49C2B1FE48F00E177DD /* IQSEC-GeoExplorerTests */,
				6D9EC4A62B1FE48F00E177DD /* IQSEC-GeoExplorerUITests */,
				6D9EC48A2B1FE48B00E177DD /* Products */,
			);
			sourceTree = "<group>";
		};
		6D9EC48A2B1FE48B00E177DD /* Products */ = {
			isa = PBXGroup;
			children = (
				6D9EC4892B1FE48B00E177DD /* IQSEC-GeoExplorer.app */,
				6D9EC4992B1FE48F00E177DD /* IQSEC-GeoExplorerTests.xctest */,
				6D9EC4A32B1FE48F00E177DD /* IQSEC-GeoExplorerUITests.xctest */,
			);
			name = Products;
			sourceTree = "<group>";
		};
		6D9EC48B2B1FE48B00E177DD /* IQSEC-GeoExplorer */ = {
			isa = PBXGroup;
			children = (
				6D9EC4C52B1FE8DE00E177DD /* ViewModels */,
				6D9EC4BA2B1FE56900E177DD /* Network */,
				6D9EC4B92B1FE55900E177DD /* Utilities */,
				6D9EC4B82B1FE54F00E177DD /* Services */,
				6D9EC4B72B1FE54700E177DD /* Views */,
				6D9EC4B62B1FE53500E177DD /* Models */,
				6D9EC48C2B1FE48B00E177DD /* IQSEC_GeoExplorerApp.swift */,
				6D9EC48E2B1FE48B00E177DD /* ContentView.swift */,
				6D9EC4902B1FE48E00E177DD /* Assets.xcassets */,
				6D9EC4922B1FE48E00E177DD /* Preview Content */,
				6D9EC4D02B1FE9D900E177DD /* AppDelegate.swift */,
				6D9EC4D22B1FE9F200E177DD /* SceneDelegate.swift */,
			);
			path = "IQSEC-GeoExplorer";
			sourceTree = "<group>";
		};
		6D9EC4922B1FE48E00E177DD /* Preview Content */ = {
			isa = PBXGroup;
			children = (
				6D9EC4932B1FE48E00E177DD /* Preview Assets.xcassets */,
			);
			path = "Preview Content";
			sourceTree = "<group>";
		};
		6D9EC49C2B1FE48F00E177DD /* IQSEC-GeoExplorerTests */ = {
			isa = PBXGroup;
			children = (
				6D9EC49D2B1FE48F00E177DD /* IQSEC_GeoExplorerTests.swift */,
			);
			path = "IQSEC-GeoExplorerTests";
			sourceTree = "<group>";
		};
		6D9EC4A62B1FE48F00E177DD /* IQSEC-GeoExplorerUITests */ = {
			isa = PBXGroup;
			children = (
				6D9EC4A72B1FE48F00E177DD /* IQSEC_GeoExplorerUITests.swift */,
				6D9EC4A92B1FE48F00E177DD /* IQSEC_GeoExplorerUITestsLaunchTests.swift */,
			);
			path = "IQSEC-GeoExplorerUITests";
			sourceTree = "<group>";
		};
		6D9EC4B62B1FE53500E177DD /* Models */ = {
			isa = PBXGroup;
			children = (
				6D9EC4BB2B1FE64F00E177DD /* Pais.swift */,
				6D9EC4BD2B1FE66400E177DD /* Estado.swift */,
			);
			path = Models;
			sourceTree = "<group>";
		};
		6D9EC4B72B1FE54700E177DD /* Views */ = {
			isa = PBXGroup;
			children = (
				6D9EC4BF2B1FE85100E177DD /* ListaPaisesView.swift */,
				6D9EC4C12B1FE86100E177DD /* DetallePaisView.swift */,
				6D9EC4C32B1FE87300E177DD /* MapView.swift */,
			);
			path = Views;
			sourceTree = "<group>";
		};
		6D9EC4B82B1FE54F00E177DD /* Services */ = {
			isa = PBXGroup;
			children = (
				6D9EC4CA2B1FE94A00E177DD /* SoapService.swift */,
				6D9EC4CC2B1FE97D00E177DD /* XMLParserService.swift */,
			);
			path = Services;
			sourceTree = "<group>";
		};
		6D9EC4B92B1FE55900E177DD /* Utilities */ = {
			isa = PBXGroup;
			children = (
				6D9EC4D92B1FF97500E177DD /* GoogleService-Info.plist */,
			);
			path = Utilities;
			sourceTree = "<group>";
		};
		6D9EC4BA2B1FE56900E177DD /* Network */ = {
			isa = PBXGroup;
			children = (
				6D9EC4CE2B1FE9A400E177DD /* NetworkManager.swift */,
			);
			path = Network;
			sourceTree = "<group>";
		};
		6D9EC4C52B1FE8DE00E177DD /* ViewModels */ = {
			isa = PBXGroup;
			children = (
				6D9EC4C62B1FE8FF00E177DD /* PaisViewModel.swift */,
				6D9EC4C82B1FE91D00E177DD /* EstadoViewModel.swift */,
			);
			path = ViewModels;
			sourceTree = "<group>";
		};
/* End PBXGroup section */

/* Begin PBXNativeTarget section */
		6D9EC4882B1FE48B00E177DD /* IQSEC-GeoExplorer */ = {
			isa = PBXNativeTarget;
			buildConfigurationList = 6D9EC4AD2B1FE48F00E177DD /* Build configuration list for PBXNativeTarget "IQSEC-GeoExplorer" */;
			buildPhases = (
				6D9EC4852B1FE48B00E177DD /* Sources */,
				6D9EC4862B1FE48B00E177DD /* Frameworks */,
				6D9EC4872B1FE48B00E177DD /* Resources */,
			);
			buildRules = (
			);
			dependencies = (
			);
			name = "IQSEC-GeoExplorer";
			packageProductDependencies = (
				6D9EC4D52B1FED5600E177DD /* FirebaseAnalytics */,
				6D9EC4D72B1FED5600E177DD /* FirebaseCrashlytics */,
			);
			productName = "IQSEC-GeoExplorer";
			productReference = 6D9EC4892B1FE48B00E177DD /* IQSEC-GeoExplorer.app */;
			productType = "com.apple.product-type.application";
		};
		6D9EC4982B1FE48F00E177DD /* IQSEC-GeoExplorerTests */ = {
			isa = PBXNativeTarget;
			buildConfigurationList = 6D9EC4B02B1FE48F00E177DD /* Build configuration list for PBXNativeTarget "IQSEC-GeoExplorerTests" */;
			buildPhases = (
				6D9EC4952B1FE48F00E177DD /* Sources */,
				6D9EC4962B1FE48F00E177DD /* Frameworks */,
				6D9EC4972B1FE48F00E177DD /* Resources */,
			);
			buildRules = (
			);
			dependencies = (
				6D9EC49B2B1FE48F00E177DD /* PBXTargetDependency */,
			);
			name = "IQSEC-GeoExplorerTests";
			productName = "IQSEC-GeoExplorerTests";
			productReference = 6D9EC4992B1FE48F00E177DD /* IQSEC-GeoExplorerTests.xctest */;
			productType = "com.apple.product-type.bundle.unit-test";
		};
		6D9EC4A22B1FE48F00E177DD /* IQSEC-GeoExplorerUITests */ = {
			isa = PBXNativeTarget;
			buildConfigurationList = 6D9EC4B32B1FE48F00E177DD /* Build configuration list for PBXNativeTarget "IQSEC-GeoExplorerUITests" */;
			buildPhases = (
				6D9EC49F2B1FE48F00E177DD /* Sources */,
				6D9EC4A02B1FE48F00E177DD /* Frameworks */,
				6D9EC4A12B1FE48F00E177DD /* Resources */,
			);
			buildRules = (
			);
			dependencies = (
				6D9EC4A52B1FE48F00E177DD /* PBXTargetDependency */,
			);
			name = "IQSEC-GeoExplorerUITests";
			productName = "IQSEC-GeoExplorerUITests";
			productReference = 6D9EC4A32B1FE48F00E177DD /* IQSEC-GeoExplorerUITests.xctest */;
			productType = "com.apple.product-type.bundle.ui-testing";
		};
/* End PBXNativeTarget section */

/* Begin PBXProject section */
		6D9EC4812B1FE48B00E177DD /* Project object */ = {
			isa = PBXProject;
			attributes = {
				BuildIndependentTargetsInParallel = 1;
				LastSwiftUpdateCheck = 1500;
				LastUpgradeCheck = 1500;
				TargetAttributes = {
					6D9EC4882B1FE48B00E177DD = {
						CreatedOnToolsVersion = 15.0.1;
					};
					6D9EC4982B1FE48F00E177DD = {
						CreatedOnToolsVersion = 15.0.1;
						TestTargetID = 6D9EC4882B1FE48B00E177DD;
					};
					6D9EC4A22B1FE48F00E177DD = {
						CreatedOnToolsVersion = 15.0.1;
						TestTargetID = 6D9EC4882B1FE48B00E177DD;
					};
				};
			};
			buildConfigurationList = 6D9EC4842B1FE48B00E177DD /* Build configuration list for PBXProject "IQSEC-GeoExplorer" */;
			compatibilityVersion = "Xcode 14.0";
			developmentRegion = en;
			hasScannedForEncodings = 0;
			knownRegions = (
				en,
				Base,
			);
			mainGroup = 6D9EC4802B1FE48B00E177DD;
			packageReferences = (
				6D9EC4D42B1FED5600E177DD /* XCRemoteSwiftPackageReference "firebase-ios-sdk" */,
			);
			productRefGroup = 6D9EC48A2B1FE48B00E177DD /* Products */;
			projectDirPath = "";
			projectRoot = "";
			targets = (
				6D9EC4882B1FE48B00E177DD /* IQSEC-GeoExplorer */,
				6D9EC4982B1FE48F00E177DD /* IQSEC-GeoExplorerTests */,
				6D9EC4A22B1FE48F00E177DD /* IQSEC-GeoExplorerUITests */,
			);
		};
/* End PBXProject section */

/* Begin PBXResourcesBuildPhase section */
		6D9EC4872B1FE48B00E177DD /* Resources */ = {
			isa = PBXResourcesBuildPhase;
			buildActionMask = 2147483647;
			files = (
				6D9EC4942B1FE48E00E177DD /* Preview Assets.xcassets in Resources */,
				6D9EC4912B1FE48E00E177DD /* Assets.xcassets in Resources */,
				6D9EC4DA2B1FF97500E177DD /* GoogleService-Info.plist in Resources */,
			);
			runOnlyForDeploymentPostprocessing = 0;
		};
		6D9EC4972B1FE48F00E177DD /* Resources */ = {
			isa = PBXResourcesBuildPhase;
			buildActionMask = 2147483647;
			files = (
			);
			runOnlyForDeploymentPostprocessing = 0;
		};
		6D9EC4A12B1FE48F00E177DD /* Resources */ = {
			isa = PBXResourcesBuildPhase;
			buildActionMask = 2147483647;
			files = (
			);
			runOnlyForDeploymentPostprocessing = 0;
		};
/* End PBXResourcesBuildPhase section */

/* Begin PBXSourcesBuildPhase section */
		6D9EC4852B1FE48B00E177DD /* Sources */ = {
			isa = PBXSourcesBuildPhase;
			buildActionMask = 2147483647;
			files = (
				6D9EC4CF2B1FE9A400E177DD /* NetworkManager.swift in Sources */,
				6D9EC4D32B1FE9F200E177DD /* SceneDelegate.swift in Sources */,
				6D9EC4C42B1FE87300E177DD /* MapView.swift in Sources */,
				6D9EC48F2B1FE48B00E177DD /* ContentView.swift in Sources */,
				6D9EC4C92B1FE91D00E177DD /* EstadoViewModel.swift in Sources */,
				6D9EC4CD2B1FE97D00E177DD /* XMLParserService.swift in Sources */,
				6D9EC4C22B1FE86100E177DD /* DetallePaisView.swift in Sources */,
				6D9EC4CB2B1FE94A00E177DD /* SoapService.swift in Sources */,
				6D9EC48D2B1FE48B00E177DD /* IQSEC_GeoExplorerApp.swift in Sources */,
				6D9EC4D12B1FE9D900E177DD /* AppDelegate.swift in Sources */,
				6D9EC4BC2B1FE64F00E177DD /* Pais.swift in Sources */,
				6D9EC4BE2B1FE66400E177DD /* Estado.swift in Sources */,
				6D9EC4C02B1FE85100E177DD /* ListaPaisesView.swift in Sources */,
				6D9EC4C72B1FE90000E177DD /* PaisViewModel.swift in Sources */,
			);
			runOnlyForDeploymentPostprocessing = 0;
		};
		6D9EC4952B1FE48F00E177DD /* Sources */ = {
			isa = PBXSourcesBuildPhase;
			buildActionMask = 2147483647;
			files = (
				6D9EC49E2B1FE48F00E177DD /* IQSEC_GeoExplorerTests.swift in Sources */,
			);
			runOnlyForDeploymentPostprocessing = 0;
		};
		6D9EC49F2B1FE48F00E177DD /* Sources */ = {
			isa = PBXSourcesBuildPhase;
			buildActionMask = 2147483647;
			files = (
				6D9EC4A82B1FE48F00E177DD /* IQSEC_GeoExplorerUITests.swift in Sources */,
				6D9EC4AA2B1FE48F00E177DD /* IQSEC_GeoExplorerUITestsLaunchTests.swift in Sources */,
			);
			runOnlyForDeploymentPostprocessing = 0;
		};
/* End PBXSourcesBuildPhase section */

/* Begin PBXTargetDependency section */
		6D9EC49B2B1FE48F00E177DD /* PBXTargetDependency */ = {
			isa = PBXTargetDependency;
			target = 6D9EC4882B1FE48B00E177DD /* IQSEC-GeoExplorer */;
			targetProxy = 6D9EC49A2B1FE48F00E177DD /* PBXContainerItemProxy */;
		};
		6D9EC4A52B1FE48F00E177DD /* PBXTargetDependency */ = {
			isa = PBXTargetDependency;
			target = 6D9EC4882B1FE48B00E177DD /* IQSEC-GeoExplorer */;
			targetProxy = 6D9EC4A42B1FE48F00E177DD /* PBXContainerItemProxy */;
		};
/* End PBXTargetDependency section */

/* Begin XCBuildConfiguration section */
		6D9EC4AB2B1FE48F00E177DD /* Debug */ = {
			isa = XCBuildConfiguration;
			buildSettings = {
				ALWAYS_SEARCH_USER_PATHS = NO;
				ASSETCATALOG_COMPILER_GENERATE_SWIFT_ASSET_SYMBOL_EXTENSIONS = YES;
				CLANG_ANALYZER_NONNULL = YES;
				CLANG_ANALYZER_NUMBER_OBJECT_CONVERSION = YES_AGGRESSIVE;
				CLANG_CXX_LANGUAGE_STANDARD = "gnu++20";
				CLANG_ENABLE_MODULES = YES;
				CLANG_ENABLE_OBJC_ARC = YES;
				CLANG_ENABLE_OBJC_WEAK = YES;
				CLANG_WARN_BLOCK_CAPTURE_AUTORELEASING = YES;
				CLANG_WARN_BOOL_CONVERSION = YES;
				CLANG_WARN_COMMA = YES;
				CLANG_WARN_CONSTANT_CONVERSION = YES;
				CLANG_WARN_DEPRECATED_OBJC_IMPLEMENTATIONS = YES;
				CLANG_WARN_DIRECT_OBJC_ISA_USAGE = YES_ERROR;
				CLANG_WARN_DOCUMENTATION_COMMENTS = YES;
				CLANG_WARN_EMPTY_BODY = YES;
				CLANG_WARN_ENUM_CONVERSION = YES;
				CLANG_WARN_INFINITE_RECURSION = YES;
				CLANG_WARN_INT_CONVERSION = YES;
				CLANG_WARN_NON_LITERAL_NULL_CONVERSION = YES;
				CLANG_WARN_OBJC_IMPLICIT_RETAIN_SELF = YES;
				CLANG_WARN_OBJC_LITERAL_CONVERSION = YES;
				CLANG_WARN_OBJC_ROOT_CLASS = YES_ERROR;
				CLANG_WARN_QUOTED_INCLUDE_IN_FRAMEWORK_HEADER = YES;
				CLANG_WARN_RANGE_LOOP_ANALYSIS = YES;
				CLANG_WARN_STRICT_PROTOTYPES = YES;
				CLANG_WARN_SUSPICIOUS_MOVE = YES;
				CLANG_WARN_UNGUARDED_AVAILABILITY = YES_AGGRESSIVE;
				CLANG_WARN_UNREACHABLE_CODE = YES;
				CLANG_WARN__DUPLICATE_METHOD_MATCH = YES;
				COPY_PHASE_STRIP = NO;
				DEBUG_INFORMATION_FORMAT = dwarf;
				ENABLE_STRICT_OBJC_MSGSEND = YES;
				ENABLE_TESTABILITY = YES;
				ENABLE_USER_SCRIPT_SANDBOXING = YES;
				GCC_C_LANGUAGE_STANDARD = gnu17;
				GCC_DYNAMIC_NO_PIC = NO;
				GCC_NO_COMMON_BLOCKS = YES;
				GCC_OPTIMIZATION_LEVEL = 0;
				GCC_PREPROCESSOR_DEFINITIONS = (
					"DEBUG=1",
					"$(inherited)",
				);
				GCC_WARN_64_TO_32_BIT_CONVERSION = YES;
				GCC_WARN_ABOUT_RETURN_TYPE = YES_ERROR;
				GCC_WARN_UNDECLARED_SELECTOR = YES;
				GCC_WARN_UNINITIALIZED_AUTOS = YES_AGGRESSIVE;
				GCC_WARN_UNUSED_FUNCTION = YES;
				GCC_WARN_UNUSED_VARIABLE = YES;
				IPHONEOS_DEPLOYMENT_TARGET = 17.0;
				LOCALIZATION_PREFERS_STRING_CATALOGS = YES;
				MTL_ENABLE_DEBUG_INFO = INCLUDE_SOURCE;
				MTL_FAST_MATH = YES;
				ONLY_ACTIVE_ARCH = YES;
				SDKROOT = iphoneos;
				SWIFT_ACTIVE_COMPILATION_CONDITIONS = "DEBUG $(inherited)";
				SWIFT_OPTIMIZATION_LEVEL = "-Onone";
			};
			name = Debug;
		};
		6D9EC4AC2B1FE48F00E177DD /* Release */ = {
			isa = XCBuildConfiguration;
			buildSettings = {
				ALWAYS_SEARCH_USER_PATHS = NO;
				ASSETCATALOG_COMPILER_GENERATE_SWIFT_ASSET_SYMBOL_EXTENSIONS = YES;
				CLANG_ANALYZER_NONNULL = YES;
				CLANG_ANALYZER_NUMBER_OBJECT_CONVERSION = YES_AGGRESSIVE;
				CLANG_CXX_LANGUAGE_STANDARD = "gnu++20";
				CLANG_ENABLE_MODULES = YES;
				CLANG_ENABLE_OBJC_ARC = YES;
				CLANG_ENABLE_OBJC_WEAK = YES;
				CLANG_WARN_BLOCK_CAPTURE_AUTORELEASING = YES;
				CLANG_WARN_BOOL_CONVERSION = YES;
				CLANG_WARN_COMMA = YES;
				CLANG_WARN_CONSTANT_CONVERSION = YES;
				CLANG_WARN_DEPRECATED_OBJC_IMPLEMENTATIONS = YES;
				CLANG_WARN_DIRECT_OBJC_ISA_USAGE = YES_ERROR;
				CLANG_WARN_DOCUMENTATION_COMMENTS = YES;
				CLANG_WARN_EMPTY_BODY = YES;
				CLANG_WARN_ENUM_CONVERSION = YES;
				CLANG_WARN_INFINITE_RECURSION = YES;
				CLANG_WARN_INT_CONVERSION = YES;
				CLANG_WARN_NON_LITERAL_NULL_CONVERSION = YES;
				CLANG_WARN_OBJC_IMPLICIT_RETAIN_SELF = YES;
				CLANG_WARN_OBJC_LITERAL_CONVERSION = YES;
				CLANG_WARN_OBJC_ROOT_CLASS = YES_ERROR;
				CLANG_WARN_QUOTED_INCLUDE_IN_FRAMEWORK_HEADER = YES;
				CLANG_WARN_RANGE_LOOP_ANALYSIS = YES;
				CLANG_WARN_STRICT_PROTOTYPES = YES;
				CLANG_WARN_SUSPICIOUS_MOVE = YES;
				CLANG_WARN_UNGUARDED_AVAILABILITY = YES_AGGRESSIVE;
				CLANG_WARN_UNREACHABLE_CODE = YES;
				CLANG_WARN__DUPLICATE_METHOD_MATCH = YES;
				COPY_PHASE_STRIP = NO;
				DEBUG_INFORMATION_FORMAT = "dwarf-with-dsym";
				ENABLE_NS_ASSERTIONS = NO;
				ENABLE_STRICT_OBJC_MSGSEND = YES;
				ENABLE_USER_SCRIPT_SANDBOXING = YES;
				GCC_C_LANGUAGE_STANDARD = gnu17;
				GCC_NO_COMMON_BLOCKS = YES;
				GCC_WARN_64_TO_32_BIT_CONVERSION = YES;
				GCC_WARN_ABOUT_RETURN_TYPE = YES_ERROR;
				GCC_WARN_UNDECLARED_SELECTOR = YES;
				GCC_WARN_UNINITIALIZED_AUTOS = YES_AGGRESSIVE;
				GCC_WARN_UNUSED_FUNCTION = YES;
				GCC_WARN_UNUSED_VARIABLE = YES;
				IPHONEOS_DEPLOYMENT_TARGET = 17.0;
				LOCALIZATION_PREFERS_STRING_CATALOGS = YES;
				MTL_ENABLE_DEBUG_INFO = NO;
				MTL_FAST_MATH = YES;
				SDKROOT = iphoneos;
				SWIFT_COMPILATION_MODE = wholemodule;
				VALIDATE_PRODUCT = YES;
			};
			name = Release;
		};
		6D9EC4AE2B1FE48F00E177DD /* Debug */ = {
			isa = XCBuildConfiguration;
			buildSettings = {
				ASSETCATALOG_COMPILER_APPICON_NAME = AppIcon;
				ASSETCATALOG_COMPILER_GLOBAL_ACCENT_COLOR_NAME = AccentColor;
				CODE_SIGN_STYLE = Automatic;
				CURRENT_PROJECT_VERSION = 1;
				DEVELOPMENT_ASSET_PATHS = "\"IQSEC-GeoExplorer/Preview Content\"";
				DEVELOPMENT_TEAM = 9UN8F9WK6Q;
				ENABLE_PREVIEWS = YES;
				GENERATE_INFOPLIST_FILE = YES;
				INFOPLIST_KEY_UIApplicationSceneManifest_Generation = YES;
				INFOPLIST_KEY_UIApplicationSupportsIndirectInputEvents = YES;
				INFOPLIST_KEY_UILaunchScreen_Generation = YES;
				INFOPLIST_KEY_UISupportedInterfaceOrientations_iPad = "UIInterfaceOrientationPortrait UIInterfaceOrientationPortraitUpsideDown UIInterfaceOrientationLandscapeLeft UIInterfaceOrientationLandscapeRight";
				INFOPLIST_KEY_UISupportedInterfaceOrientations_iPhone = "UIInterfaceOrientationPortrait UIInterfaceOrientationLandscapeLeft UIInterfaceOrientationLandscapeRight";
				LD_RUNPATH_SEARCH_PATHS = (
					"$(inherited)",
					"@executable_path/Frameworks",
				);
				MARKETING_VERSION = 1.0;
				PRODUCT_BUNDLE_IDENTIFIER = "com.Jose.IQSEC-GeoExplorer";
				PRODUCT_NAME = "$(TARGET_NAME)";
				SWIFT_EMIT_LOC_STRINGS = YES;
				SWIFT_VERSION = 5.0;
				TARGETED_DEVICE_FAMILY = "1,2";
			};
			name = Debug;
		};
		6D9EC4AF2B1FE48F00E177DD /* Release */ = {
			isa = XCBuildConfiguration;
			buildSettings = {
				ASSETCATALOG_COMPILER_APPICON_NAME = AppIcon;
				ASSETCATALOG_COMPILER_GLOBAL_ACCENT_COLOR_NAME = AccentColor;
				CODE_SIGN_STYLE = Automatic;
				CURRENT_PROJECT_VERSION = 1;
				DEVELOPMENT_ASSET_PATHS = "\"IQSEC-GeoExplorer/Preview Content\"";
				DEVELOPMENT_TEAM = 9UN8F9WK6Q;
				ENABLE_PREVIEWS = YES;
				GENERATE_INFOPLIST_FILE = YES;
				INFOPLIST_KEY_UIApplicationSceneManifest_Generation = YES;
				INFOPLIST_KEY_UIApplicationSupportsIndirectInputEvents = YES;
				INFOPLIST_KEY_UILaunchScreen_Generation = YES;
				INFOPLIST_KEY_UISupportedInterfaceOrientations_iPad = "UIInterfaceOrientationPortrait UIInterfaceOrientationPortraitUpsideDown UIInterfaceOrientationLandscapeLeft UIInterfaceOrientationLandscapeRight";
				INFOPLIST_KEY_UISupportedInterfaceOrientations_iPhone = "UIInterfaceOrientationPortrait UIInterfaceOrientationLandscapeLeft UIInterfaceOrientationLandscapeRight";
				LD_RUNPATH_SEARCH_PATHS = (
					"$(inherited)",
					"@executable_path/Frameworks",
				);
				MARKETING_VERSION = 1.0;
				PRODUCT_BUNDLE_IDENTIFIER = "com.Jose.IQSEC-GeoExplorer";
				PRODUCT_NAME = "$(TARGET_NAME)";
				SWIFT_EMIT_LOC_STRINGS = YES;
				SWIFT_VERSION = 5.0;
				TARGETED_DEVICE_FAMILY = "1,2";
			};
			name = Release;
		};
		6D9EC4B12B1FE48F00E177DD /* Debug */ = {
			isa = XCBuildConfiguration;
			buildSettings = {
				ALWAYS_EMBED_SWIFT_STANDARD_LIBRARIES = YES;
				BUNDLE_LOADER = "$(TEST_HOST)";
				CODE_SIGN_STYLE = Automatic;
				CURRENT_PROJECT_VERSION = 1;
				DEVELOPMENT_TEAM = 9UN8F9WK6Q;
				GENERATE_INFOPLIST_FILE = YES;
				IPHONEOS_DEPLOYMENT_TARGET = 17.0;
				MARKETING_VERSION = 1.0;
				PRODUCT_BUNDLE_IDENTIFIER = "com.Jose.IQSEC-GeoExplorerTests";
				PRODUCT_NAME = "$(TARGET_NAME)";
				SWIFT_EMIT_LOC_STRINGS = NO;
				SWIFT_VERSION = 5.0;
				TARGETED_DEVICE_FAMILY = "1,2";
				TEST_HOST = "$(BUILT_PRODUCTS_DIR)/IQSEC-GeoExplorer.app/$(BUNDLE_EXECUTABLE_FOLDER_PATH)/IQSEC-GeoExplorer";
			};
			name = Debug;
		};
		6D9EC4B22B1FE48F00E177DD /* Release */ = {
			isa = XCBuildConfiguration;
			buildSettings = {
				ALWAYS_EMBED_SWIFT_STANDARD_LIBRARIES = YES;
				BUNDLE_LOADER = "$(TEST_HOST)";
				CODE_SIGN_STYLE = Automatic;
				CURRENT_PROJECT_VERSION = 1;
				DEVELOPMENT_TEAM = 9UN8F9WK6Q;
				GENERATE_INFOPLIST_FILE = YES;
				IPHONEOS_DEPLOYMENT_TARGET = 17.0;
				MARKETING_VERSION = 1.0;
				PRODUCT_BUNDLE_IDENTIFIER = "com.Jose.IQSEC-GeoExplorerTests";
				PRODUCT_NAME = "$(TARGET_NAME)";
				SWIFT_EMIT_LOC_STRINGS = NO;
				SWIFT_VERSION = 5.0;
				TARGETED_DEVICE_FAMILY = "1,2";
				TEST_HOST = "$(BUILT_PRODUCTS_DIR)/IQSEC-GeoExplorer.app/$(BUNDLE_EXECUTABLE_FOLDER_PATH)/IQSEC-GeoExplorer";
			};
			name = Release;
		};
		6D9EC4B42B1FE48F00E177DD /* Debug */ = {
			isa = XCBuildConfiguration;
			buildSettings = {
				ALWAYS_EMBED_SWIFT_STANDARD_LIBRARIES = YES;
				CODE_SIGN_STYLE = Automatic;
				CURRENT_PROJECT_VERSION = 1;
				DEVELOPMENT_TEAM = 9UN8F9WK6Q;
				GENERATE_INFOPLIST_FILE = YES;
				MARKETING_VERSION = 1.0;
				PRODUCT_BUNDLE_IDENTIFIER = "com.Jose.IQSEC-GeoExplorerUITests";
				PRODUCT_NAME = "$(TARGET_NAME)";
				SWIFT_EMIT_LOC_STRINGS = NO;
				SWIFT_VERSION = 5.0;
				TARGETED_DEVICE_FAMILY = "1,2";
				TEST_TARGET_NAME = "IQSEC-GeoExplorer";
			};
			name = Debug;
		};
		6D9EC4B52B1FE48F00E177DD /* Release */ = {
			isa = XCBuildConfiguration;
			buildSettings = {
				ALWAYS_EMBED_SWIFT_STANDARD_LIBRARIES = YES;
				CODE_SIGN_STYLE = Automatic;
				CURRENT_PROJECT_VERSION = 1;
				DEVELOPMENT_TEAM = 9UN8F9WK6Q;
				GENERATE_INFOPLIST_FILE = YES;
				MARKETING_VERSION = 1.0;
				PRODUCT_BUNDLE_IDENTIFIER = "com.Jose.IQSEC-GeoExplorerUITests";
				PRODUCT_NAME = "$(TARGET_NAME)";
				SWIFT_EMIT_LOC_STRINGS = NO;
				SWIFT_VERSION = 5.0;
				TARGETED_DEVICE_FAMILY = "1,2";
				TEST_TARGET_NAME = "IQSEC-GeoExplorer";
			};
			name = Release;
		};
/* End XCBuildConfiguration section */

/* Begin XCConfigurationList section */
		6D9EC4842B1FE48B00E177DD /* Build configuration list for PBXProject "IQSEC-GeoExplorer" */ = {
			isa = XCConfigurationList;
			buildConfigurations = (
				6D9EC4AB2B1FE48F00E177DD /* Debug */,
				6D9EC4AC2B1FE48F00E177DD /* Release */,
			);
			defaultConfigurationIsVisible = 0;
			defaultConfigurationName = Release;
		};
		6D9EC4AD2B1FE48F00E177DD /* Build configuration list for PBXNativeTarget "IQSEC-GeoExplorer" */ = {
			isa = XCConfigurationList;
			buildConfigurations = (
				6D9EC4AE2B1FE48F00E177DD /* Debug */,
				6D9EC4AF2B1FE48F00E177DD /* Release */,
			);
			defaultConfigurationIsVisible = 0;
			defaultConfigurationName = Release;
		};
		6D9EC4B02B1FE48F00E177DD /* Build configuration list for PBXNativeTarget "IQSEC-GeoExplorerTests" */ = {
			isa = XCConfigurationList;
			buildConfigurations = (
				6D9EC4B12B1FE48F00E177DD /* Debug */,
				6D9EC4B22B1FE48F00E177DD /* Release */,
			);
			defaultConfigurationIsVisible = 0;
			defaultConfigurationName = Release;
		};
		6D9EC4B32B1FE48F00E177DD /* Build configuration list for PBXNativeTarget "IQSEC-GeoExplorerUITests" */ = {
			isa = XCConfigurationList;
			buildConfigurations = (
				6D9EC4B42B1FE48F00E177DD /* Debug */,
				6D9EC4B52B1FE48F00E177DD /* Release */,
			);
			defaultConfigurationIsVisible = 0;
			defaultConfigurationName = Release;
		};
/* End XCConfigurationList section */

/* Begin XCRemoteSwiftPackageReference section */
		6D9EC4D42B1FED5600E177DD /* XCRemoteSwiftPackageReference "firebase-ios-sdk" */ = {
			isa = XCRemoteSwiftPackageReference;
			repositoryURL = "https://github.com/firebase/firebase-ios-sdk";
			requirement = {
				kind = upToNextMajorVersion;
				minimumVersion = 10.19.0;
			};
		};
/* End XCRemoteSwiftPackageReference section */

/* Begin XCSwiftPackageProductDependency section */
		6D9EC4D52B1FED5600E177DD /* FirebaseAnalytics */ = {
			isa = XCSwiftPackageProductDependency;
			package = 6D9EC4D42B1FED5600E177DD /* XCRemoteSwiftPackageReference "firebase-ios-sdk" */;
			productName = FirebaseAnalytics;
		};
		6D9EC4D72B1FED5600E177DD /* FirebaseCrashlytics */ = {
			isa = XCSwiftPackageProductDependency;
			package = 6D9EC4D42B1FED5600E177DD /* XCRemoteSwiftPackageReference "firebase-ios-sdk" */;
			productName = FirebaseCrashlytics;
		};
/* End XCSwiftPackageProductDependency section */
	};
	rootObject = 6D9EC4812B1FE48B00E177DD /* Project object */;
}
